
Microsoft Visual Studio Solution File, Format Version 12.00
# Visual Studio Version 17
VisualStudioVersion = 17.14.36511.14
MinimumVisualStudioVersion = 10.0.40219.1
Project("{2150E333-8FDC-42A3-9474-1A3956D46DE8}") = "Task0", "Task0", "{02EA681E-C7D8-13C7-8484-4AC65E1B71E8}"
EndProject
Project("{FAE04EC0-301F-11D3-BF4B-00C04F79EFBC}") = "Tyuiu.AtanaevRI.Sprint2.Task0.V25", "Tyuiu.AtanaevRI.Sprint2.Task0.V25\Tyuiu.AtanaevRI.Sprint2.Task0.V25.csproj", "{4F33A480-C804-48C6-929F-B23CD08583DE}"
EndProject
Project("{FAE04EC0-301F-11D3-BF4B-00C04F79EFBC}") = "Tyuiu.AtanaevRI.Sprint2.Task0.V25.Lib", "Tyuiu.AtanaevRI.Sprint2.Task0.V25.Lib\Tyuiu.AtanaevRI.Sprint2.Task0.V25.Lib.csproj", "{4852A41E-4242-4C58-8BAE-33C3FF3C014B}"
EndProject
Project("{FAE04EC0-301F-11D3-BF4B-00C04F79EFBC}") = "Tyuiu.AtanaevRI.Sprint2.Task0.V25.Test", "Tyuiu.AtanaevRI.Sprint2.Task0.V25.Test\Tyuiu.AtanaevRI.Sprint2.Task0.V25.Test.csproj", "{2774E04D-404F-49A0-B2ED-5B8C020838E9}"
EndProject
Project("{2150E333-8FDC-42A3-9474-1A3956D46DE8}") = "Task1", "Task1", "{7C718A5F-CBBA-45C4-B716-4E22ED2DD450}"
EndProject
Project("{FAE04EC0-301F-11D3-BF4B-00C04F79EFBC}") = "Tyuiu.AtanaevRI.Sprint2.Task1.V25", "Tyuiu.AtanaevRI.Sprint2.Task1.V25\Tyuiu.AtanaevRI.Sprint2.Task1.V25.csproj", "{A21F3FAD-0512-4E52-8653-03440A6FBD1D}"
EndProject
Project("{FAE04EC0-301F-11D3-BF4B-00C04F79EFBC}") = "Tyuiu.AtanaevRI.Sprint2.Task1.V25.Lib", "Tyuiu.AtanaevRI.Sprint2.Task1.V25.Lib\Tyuiu.AtanaevRI.Sprint2.Task1.V25.Lib.csproj", "{04A983C6-A7EF-45B8-9D8B-44CB51775201}"
EndProject
Project("{FAE04EC0-301F-11D3-BF4B-00C04F79EFBC}") = "Tyuiu.AtanaevRI.Sprint2.Task1.V25.Test", "Tyuiu.AtanaevRI.Sprint2.Task1.V25.Test\Tyuiu.AtanaevRI.Sprint2.Task1.V25.Test.csproj", "{264F315C-A80D-4460-92DE-7658C83AE780}"
EndProject
Project("{2150E333-8FDC-42A3-9474-1A3956D46DE8}") = "Task2", "Task2", "{E4DA52FD-9177-45EF-BA3B-181BF15899DC}"
EndProject
Project("{FAE04EC0-301F-11D3-BF4B-00C04F79EFBC}") = "Tyuiu.AtanaevRI.Sprint2.Task2.V30", "Tyuiu.AtanaevRI.Sprint2.Task2.V30\Tyuiu.AtanaevRI.Sprint2.Task2.V30.csproj", "{6C2E7BE9-17E2-4071-9A40-F8F99BE13A70}"
EndProject
Project("{FAE04EC0-301F-11D3-BF4B-00C04F79EFBC}") = "Tyuiu.AtanaevRI.Sprint2.Task2.V30.Lib", "Tyuiu.AtanaevRI.Sprint2.Task2.V30.Lib\Tyuiu.AtanaevRI.Sprint2.Task2.V30.Lib.csproj", "{665B9664-A85B-4FE6-87AD-49BE95702948}"
EndProject
Project("{FAE04EC0-301F-11D3-BF4B-00C04F79EFBC}") = "Tyuiu.AtanaevRI.Sprint2.Task2.V30.Test", "Tyuiu.AtanaevRI.Sprint2.Task2.V30.Test\Tyuiu.AtanaevRI.Sprint2.Task2.V30.Test.csproj", "{2265169B-2D2F-4355-A8EF-9AE957EEFB4D}"
EndProject
Project("{2150E333-8FDC-42A3-9474-1A3956D46DE8}") = "Task3", "Task3", "{13F78EE8-FB1F-46B8-8DA6-B7FE31F9A2A5}"
EndProject
Project("{FAE04EC0-301F-11D3-BF4B-00C04F79EFBC}") = "Tyuiu.AtanaevRI.Sprint2.Task3.V30", "Tyuiu.AtanaevRI.Sprint2.Task3.V30\Tyuiu.AtanaevRI.Sprint2.Task3.V30.csproj", "{6C96150C-819C-4B39-A6A5-69525DE8BEDA}"
EndProject
Project("{FAE04EC0-301F-11D3-BF4B-00C04F79EFBC}") = "Tyuiu.AtanaevRI.Sprint2.Task3.V30.Lib", "Tyuiu.AtanaevRI.Sprint2.Task3.V30.Lib\Tyuiu.AtanaevRI.Sprint2.Task3.V30.Lib.csproj", "{35321E7C-1297-4F2B-A8F1-7B75AFE3B467}"
EndProject
Project("{FAE04EC0-301F-11D3-BF4B-00C04F79EFBC}") = "Tyuiu.AtanaevRI.Sprint2.Task3.V30.Test", "Tyuiu.AtanaevRI.Sprint2.Task3.V30.Test\Tyuiu.AtanaevRI.Sprint2.Task3.V30.Test.csproj", "{D2E7FA0F-E541-4B71-9CBD-1940362A9843}"
EndProject
Project("{2150E333-8FDC-42A3-9474-1A3956D46DE8}") = "Task4", "Task4", "{AD9ED534-4786-46C5-A79C-6794FD69E669}"
EndProject
Project("{FAE04EC0-301F-11D3-BF4B-00C04F79EFBC}") = "Tyuiu.AtanaevRI.Sprint2.Task4.V4", "Tyuiu.AtanaevRI.Sprint2.Task4.V4\Tyuiu.AtanaevRI.Sprint2.Task4.V4.csproj", "{46641386-6D59-46DB-9F37-7A1929C24B97}"
EndProject
Project("{FAE04EC0-301F-11D3-BF4B-00C04F79EFBC}") = "Tyuiu.AtanaevRI.Sprint2.Task4.V4.Lib", "Tyuiu.AtanaevRI.Sprint2.Task4.V4.Lib\Tyuiu.AtanaevRI.Sprint2.Task4.V4.Lib.csproj", "{C71EAB9E-5A0C-4111-A3EC-5E1380B456DB}"
EndProject
Project("{FAE04EC0-301F-11D3-BF4B-00C04F79EFBC}") = "Tyuiu.AtanaevRI.Sprint2.Task4.V4.Test", "Tyuiu.AtanaevRI.Sprint2.Task4.V4.Test\Tyuiu.AtanaevRI.Sprint2.Task4.V4.Test.csproj", "{F98D6941-8D1B-4C3D-AD8B-2BBD0D651492}"
EndProject
Project("{2150E333-8FDC-42A3-9474-1A3956D46DE8}") = "Task5", "Task5", "{B818A9EB-38F3-41B3-942C-8ED29947C0C6}"
EndProject
Project("{2150E333-8FDC-42A3-9474-1A3956D46DE8}") = "Task6", "Task6", "{E4785E62-CD86-4980-AEE4-BD41D18B40C3}"
EndProject
Project("{2150E333-8FDC-42A3-9474-1A3956D46DE8}") = "Task7", "Task7", "{FD5336D5-9CD5-44E1-B8CA-6B790568802F}"
EndProject
Project("{FAE04EC0-301F-11D3-BF4B-00C04F79EFBC}") = "Tyuiu.AtanaevRI.Sprint2.Task5.V14", "Tyuiu.AtanaevRI.Sprint2.Task5.V14\Tyuiu.AtanaevRI.Sprint2.Task5.V14.csproj", "{0EA6340B-72DB-4460-B403-E9CFFD616AE3}"
EndProject
Project("{FAE04EC0-301F-11D3-BF4B-00C04F79EFBC}") = "Tyuiu.AtanaevRI.Sprint2.Task5.V14.Lib", "Tyuiu.AtanaevRI.Sprint2.Task5.V14.Lib\Tyuiu.AtanaevRI.Sprint2.Task5.V14.Lib.csproj", "{B9EBF4FC-7E47-4080-B88A-E87EDDBBFCB2}"
EndProject
Project("{FAE04EC0-301F-11D3-BF4B-00C04F79EFBC}") = "Tyuiu.AtanaevRI.Sprint2.Task5.V14.Test", "Tyuiu.AtanaevRI.Sprint2.Task5.V14.Test\Tyuiu.AtanaevRI.Sprint2.Task5.V14.Test.csproj", "{44B93F94-668C-41DB-9D6F-E70FA4A335CE}"
EndProject
Project("{FAE04EC0-301F-11D3-BF4B-00C04F79EFBC}") = "Tyuiu.AtanaevRI.Sprint2.Task6.V15", "Tyuiu.AtanaevRI.Sprint2.Task6.V15\Tyuiu.AtanaevRI.Sprint2.Task6.V15.csproj", "{D594B2EC-B1E2-4E9B-A5F6-2FFC37A58EC4}"
EndProject
Project("{FAE04EC0-301F-11D3-BF4B-00C04F79EFBC}") = "Tyuiu.AtanaevRI.Sprint2.Task6.V15.Lib", "Tyuiu.AtanaevRI.Sprint2.Task6.V15.Lib\Tyuiu.AtanaevRI.Sprint2.Task6.V15.Lib.csproj", "{BA060563-8C37-4AAA-AB79-D2FF21317227}"
EndProject
Project("{FAE04EC0-301F-11D3-BF4B-00C04F79EFBC}") = "Tyuiu.AtanaevRI.Sprint2.Task6.V15.Test", "Tyuiu.AtanaevRI.Sprint2.Task6.V15.Test\Tyuiu.AtanaevRI.Sprint2.Task6.V15.Test.csproj", "{CCB6207D-F5AD-486F-8E21-631993406055}"
EndProject
Project("{FAE04EC0-301F-11D3-BF4B-00C04F79EFBC}") = "Tyuiu.AtanaevRI.Sprint2.Task7.V6", "Tyuiu.AtanaevRI.Sprint2.Task7.V6\Tyuiu.AtanaevRI.Sprint2.Task7.V6.csproj", "{112AFB49-19ED-496C-A4B5-1D339B6A2A75}"
EndProject
Project("{FAE04EC0-301F-11D3-BF4B-00C04F79EFBC}") = "Tyuiu.AtanaevRI.Sprint2.Task7.V6.Lib", "Tyuiu.AtanaevRI.Sprint2.Task7.V6.Lib\Tyuiu.AtanaevRI.Sprint2.Task7.V6.Lib.csproj", "{5D764375-2D06-4658-9F78-734B0A6D660B}"
EndProject
Project("{FAE04EC0-301F-11D3-BF4B-00C04F79EFBC}") = "Tyuiu.AtanaevRI.Sprint2.Task7.V6.Test", "Tyuiu.AtanaevRI.Sprint2.Task7.V6.Test\Tyuiu.AtanaevRI.Sprint2.Task7.V6.Test.csproj", "{7B44426D-2EAF-401E-9601-944FFC1D544A}"
EndProject
Global
	GlobalSection(SolutionConfigurationPlatforms) = preSolution
		Debug|Any CPU = Debug|Any CPU
		Release|Any CPU = Release|Any CPU
	EndGlobalSection
	GlobalSection(ProjectConfigurationPlatforms) = postSolution
		{4F33A480-C804-48C6-929F-B23CD08583DE}.Debug|Any CPU.ActiveCfg = Debug|Any CPU
		{4F33A480-C804-48C6-929F-B23CD08583DE}.Debug|Any CPU.Build.0 = Debug|Any CPU
		{4F33A480-C804-48C6-929F-B23CD08583DE}.Release|Any CPU.ActiveCfg = Release|Any CPU
		{4F33A480-C804-48C6-929F-B23CD08583DE}.Release|Any CPU.Build.0 = Release|Any CPU
		{4852A41E-4242-4C58-8BAE-33C3FF3C014B}.Debug|Any CPU.ActiveCfg = Debug|Any CPU
		{4852A41E-4242-4C58-8BAE-33C3FF3C014B}.Debug|Any CPU.Build.0 = Debug|Any CPU
		{4852A41E-4242-4C58-8BAE-33C3FF3C014B}.Release|Any CPU.ActiveCfg = Release|Any CPU
		{4852A41E-4242-4C58-8BAE-33C3FF3C014B}.Release|Any CPU.Build.0 = Release|Any CPU
		{2774E04D-404F-49A0-B2ED-5B8C020838E9}.Debug|Any CPU.ActiveCfg = Debug|Any CPU
		{2774E04D-404F-49A0-B2ED-5B8C020838E9}.Debug|Any CPU.Build.0 = Debug|Any CPU
		{2774E04D-404F-49A0-B2ED-5B8C020838E9}.Release|Any CPU.ActiveCfg = Release|Any CPU
		{2774E04D-404F-49A0-B2ED-5B8C020838E9}.Release|Any CPU.Build.0 = Release|Any CPU
		{A21F3FAD-0512-4E52-8653-03440A6FBD1D}.Debug|Any CPU.ActiveCfg = Debug|Any CPU
		{A21F3FAD-0512-4E52-8653-03440A6FBD1D}.Debug|Any CPU.Build.0 = Debug|Any CPU
		{A21F3FAD-0512-4E52-8653-03440A6FBD1D}.Release|Any CPU.ActiveCfg = Release|Any CPU
		{A21F3FAD-0512-4E52-8653-03440A6FBD1D}.Release|Any CPU.Build.0 = Release|Any CPU
		{04A983C6-A7EF-45B8-9D8B-44CB51775201}.Debug|Any CPU.ActiveCfg = Debug|Any CPU
		{04A983C6-A7EF-45B8-9D8B-44CB51775201}.Debug|Any CPU.Build.0 = Debug|Any CPU
		{04A983C6-A7EF-45B8-9D8B-44CB51775201}.Release|Any CPU.ActiveCfg = Release|Any CPU
		{04A983C6-A7EF-45B8-9D8B-44CB51775201}.Release|Any CPU.Build.0 = Release|Any CPU
		{264F315C-A80D-4460-92DE-7658C83AE780}.Debug|Any CPU.ActiveCfg = Debug|Any CPU
		{264F315C-A80D-4460-92DE-7658C83AE780}.Debug|Any CPU.Build.0 = Debug|Any CPU
		{264F315C-A80D-4460-92DE-7658C83AE780}.Release|Any CPU.ActiveCfg = Release|Any CPU
		{264F315C-A80D-4460-92DE-7658C83AE780}.Release|Any CPU.Build.0 = Release|Any CPU
		{6C2E7BE9-17E2-4071-9A40-F8F99BE13A70}.Debug|Any CPU.ActiveCfg = Debug|Any CPU
		{6C2E7BE9-17E2-4071-9A40-F8F99BE13A70}.Debug|Any CPU.Build.0 = Debug|Any CPU
		{6C2E7BE9-17E2-4071-9A40-F8F99BE13A70}.Release|Any CPU.ActiveCfg = Release|Any CPU
		{6C2E7BE9-17E2-4071-9A40-F8F99BE13A70}.Release|Any CPU.Build.0 = Release|Any CPU
		{665B9664-A85B-4FE6-87AD-49BE95702948}.Debug|Any CPU.ActiveCfg = Debug|Any CPU
		{665B9664-A85B-4FE6-87AD-49BE95702948}.Debug|Any CPU.Build.0 = Debug|Any CPU
		{665B9664-A85B-4FE6-87AD-49BE95702948}.Release|Any CPU.ActiveCfg = Release|Any CPU
		{665B9664-A85B-4FE6-87AD-49BE95702948}.Release|Any CPU.Build.0 = Release|Any CPU
		{2265169B-2D2F-4355-A8EF-9AE957EEFB4D}.Debug|Any CPU.ActiveCfg = Debug|Any CPU
		{2265169B-2D2F-4355-A8EF-9AE957EEFB4D}.Debug|Any CPU.Build.0 = Debug|Any CPU
		{2265169B-2D2F-4355-A8EF-9AE957EEFB4D}.Release|Any CPU.ActiveCfg = Release|Any CPU
		{2265169B-2D2F-4355-A8EF-9AE957EEFB4D}.Release|Any CPU.Build.0 = Release|Any CPU
		{6C96150C-819C-4B39-A6A5-69525DE8BEDA}.Debug|Any CPU.ActiveCfg = Debug|Any CPU
		{6C96150C-819C-4B39-A6A5-69525DE8BEDA}.Debug|Any CPU.Build.0 = Debug|Any CPU
		{6C96150C-819C-4B39-A6A5-69525DE8BEDA}.Release|Any CPU.ActiveCfg = Release|Any CPU
		{6C96150C-819C-4B39-A6A5-69525DE8BEDA}.Release|Any CPU.Build.0 = Release|Any CPU
		{35321E7C-1297-4F2B-A8F1-7B75AFE3B467}.Debug|Any CPU.ActiveCfg = Debug|Any CPU
		{35321E7C-1297-4F2B-A8F1-7B75AFE3B467}.Debug|Any CPU.Build.0 = Debug|Any CPU
		{35321E7C-1297-4F2B-A8F1-7B75AFE3B467}.Release|Any CPU.ActiveCfg = Release|Any CPU
		{35321E7C-1297-4F2B-A8F1-7B75AFE3B467}.Release|Any CPU.Build.0 = Release|Any CPU
		{D2E7FA0F-E541-4B71-9CBD-1940362A9843}.Debug|Any CPU.ActiveCfg = Debug|Any CPU
		{D2E7FA0F-E541-4B71-9CBD-1940362A9843}.Debug|Any CPU.Build.0 = Debug|Any CPU
		{D2E7FA0F-E541-4B71-9CBD-1940362A9843}.Release|Any CPU.ActiveCfg = Release|Any CPU
		{D2E7FA0F-E541-4B71-9CBD-1940362A9843}.Release|Any CPU.Build.0 = Release|Any CPU
		{46641386-6D59-46DB-9F37-7A1929C24B97}.Debug|Any CPU.ActiveCfg = Debug|Any CPU
		{46641386-6D59-46DB-9F37-7A1929C24B97}.Debug|Any CPU.Build.0 = Debug|Any CPU
		{46641386-6D59-46DB-9F37-7A1929C24B97}.Release|Any CPU.ActiveCfg = Release|Any CPU
		{46641386-6D59-46DB-9F37-7A1929C24B97}.Release|Any CPU.Build.0 = Release|Any CPU
		{C71EAB9E-5A0C-4111-A3EC-5E1380B456DB}.Debug|Any CPU.ActiveCfg = Debug|Any CPU
		{C71EAB9E-5A0C-4111-A3EC-5E1380B456DB}.Debug|Any CPU.Build.0 = Debug|Any CPU
		{C71EAB9E-5A0C-4111-A3EC-5E1380B456DB}.Release|Any CPU.ActiveCfg = Release|Any CPU
		{C71EAB9E-5A0C-4111-A3EC-5E1380B456DB}.Release|Any CPU.Build.0 = Release|Any CPU
		{F98D6941-8D1B-4C3D-AD8B-2BBD0D651492}.Debug|Any CPU.ActiveCfg = Debug|Any CPU
		{F98D6941-8D1B-4C3D-AD8B-2BBD0D651492}.Debug|Any CPU.Build.0 = Debug|Any CPU
		{F98D6941-8D1B-4C3D-AD8B-2BBD0D651492}.Release|Any CPU.ActiveCfg = Release|Any CPU
		{F98D6941-8D1B-4C3D-AD8B-2BBD0D651492}.Release|Any CPU.Build.0 = Release|Any CPU
		{0EA6340B-72DB-4460-B403-E9CFFD616AE3}.Debug|Any CPU.ActiveCfg = Debug|Any CPU
		{0EA6340B-72DB-4460-B403-E9CFFD616AE3}.Debug|Any CPU.Build.0 = Debug|Any CPU
		{0EA6340B-72DB-4460-B403-E9CFFD616AE3}.Release|Any CPU.ActiveCfg = Release|Any CPU
		{0EA6340B-72DB-4460-B403-E9CFFD616AE3}.Release|Any CPU.Build.0 = Release|Any CPU
		{B9EBF4FC-7E47-4080-B88A-E87EDDBBFCB2}.Debug|Any CPU.ActiveCfg = Debug|Any CPU
		{B9EBF4FC-7E47-4080-B88A-E87EDDBBFCB2}.Debug|Any CPU.Build.0 = Debug|Any CPU
		{B9EBF4FC-7E47-4080-B88A-E87EDDBBFCB2}.Release|Any CPU.ActiveCfg = Release|Any CPU
		{B9EBF4FC-7E47-4080-B88A-E87EDDBBFCB2}.Release|Any CPU.Build.0 = Release|Any CPU
		{44B93F94-668C-41DB-9D6F-E70FA4A335CE}.Debug|Any CPU.ActiveCfg = Debug|Any CPU
		{44B93F94-668C-41DB-9D6F-E70FA4A335CE}.Debug|Any CPU.Build.0 = Debug|Any CPU
		{44B93F94-668C-41DB-9D6F-E70FA4A335CE}.Release|Any CPU.ActiveCfg = Release|Any CPU
		{44B93F94-668C-41DB-9D6F-E70FA4A335CE}.Release|Any CPU.Build.0 = Release|Any CPU
		{D594B2EC-B1E2-4E9B-A5F6-2FFC37A58EC4}.Debug|Any CPU.ActiveCfg = Debug|Any CPU
		{D594B2EC-B1E2-4E9B-A5F6-2FFC37A58EC4}.Debug|Any CPU.Build.0 = Debug|Any CPU
		{D594B2EC-B1E2-4E9B-A5F6-2FFC37A58EC4}.Release|Any CPU.ActiveCfg = Release|Any CPU
		{D594B2EC-B1E2-4E9B-A5F6-2FFC37A58EC4}.Release|Any CPU.Build.0 = Release|Any CPU
		{BA060563-8C37-4AAA-AB79-D2FF21317227}.Debug|Any CPU.ActiveCfg = Debug|Any CPU
		{BA060563-8C37-4AAA-AB79-D2FF21317227}.Debug|Any CPU.Build.0 = Debug|Any CPU
		{BA060563-8C37-4AAA-AB79-D2FF21317227}.Release|Any CPU.ActiveCfg = Release|Any CPU
		{BA060563-8C37-4AAA-AB79-D2FF21317227}.Release|Any CPU.Build.0 = Release|Any CPU
		{CCB6207D-F5AD-486F-8E21-631993406055}.Debug|Any CPU.ActiveCfg = Debug|Any CPU
		{CCB6207D-F5AD-486F-8E21-631993406055}.Debug|Any CPU.Build.0 = Debug|Any CPU
		{CCB6207D-F5AD-486F-8E21-631993406055}.Release|Any CPU.ActiveCfg = Release|Any CPU
		{CCB6207D-F5AD-486F-8E21-631993406055}.Release|Any CPU.Build.0 = Release|Any CPU
		{112AFB49-19ED-496C-A4B5-1D339B6A2A75}.Debug|Any CPU.ActiveCfg = Debug|Any CPU
		{112AFB49-19ED-496C-A4B5-1D339B6A2A75}.Debug|Any CPU.Build.0 = Debug|Any CPU
		{112AFB49-19ED-496C-A4B5-1D339B6A2A75}.Release|Any CPU.ActiveCfg = Release|Any CPU
		{112AFB49-19ED-496C-A4B5-1D339B6A2A75}.Release|Any CPU.Build.0 = Release|Any CPU
		{5D764375-2D06-4658-9F78-734B0A6D660B}.Debug|Any CPU.ActiveCfg = Debug|Any CPU
		{5D764375-2D06-4658-9F78-734B0A6D660B}.Debug|Any CPU.Build.0 = Debug|Any CPU
		{5D764375-2D06-4658-9F78-734B0A6D660B}.Release|Any CPU.ActiveCfg = Release|Any CPU
		{5D764375-2D06-4658-9F78-734B0A6D660B}.Release|Any CPU.Build.0 = Release|Any CPU
		{7B44426D-2EAF-401E-9601-944FFC1D544A}.Debug|Any CPU.ActiveCfg = Debug|Any CPU
		{7B44426D-2EAF-401E-9601-944FFC1D544A}.Debug|Any CPU.Build.0 = Debug|Any CPU
		{7B44426D-2EAF-401E-9601-944FFC1D544A}.Release|Any CPU.ActiveCfg = Release|Any CPU
		{7B44426D-2EAF-401E-9601-944FFC1D544A}.Release|Any CPU.Build.0 = Release|Any CPU
	EndGlobalSection
	GlobalSection(SolutionProperties) = preSolution
		HideSolutionNode = FALSE
	EndGlobalSection
	GlobalSection(NestedProjects) = preSolution
		{4F33A480-C804-48C6-929F-B23CD08583DE} = {02EA681E-C7D8-13C7-8484-4AC65E1B71E8}
		{4852A41E-4242-4C58-8BAE-33C3FF3C014B} = {02EA681E-C7D8-13C7-8484-4AC65E1B71E8}
		{2774E04D-404F-49A0-B2ED-5B8C020838E9} = {02EA681E-C7D8-13C7-8484-4AC65E1B71E8}
		{A21F3FAD-0512-4E52-8653-03440A6FBD1D} = {7C718A5F-CBBA-45C4-B716-4E22ED2DD450}
		{04A983C6-A7EF-45B8-9D8B-44CB51775201} = {7C718A5F-CBBA-45C4-B716-4E22ED2DD450}
		{264F315C-A80D-4460-92DE-7658C83AE780} = {7C718A5F-CBBA-45C4-B716-4E22ED2DD450}
		{6C2E7BE9-17E2-4071-9A40-F8F99BE13A70} = {E4DA52FD-9177-45EF-BA3B-181BF15899DC}
		{665B9664-A85B-4FE6-87AD-49BE95702948} = {E4DA52FD-9177-45EF-BA3B-181BF15899DC}
		{2265169B-2D2F-4355-A8EF-9AE957EEFB4D} = {E4DA52FD-9177-45EF-BA3B-181BF15899DC}
		{6C96150C-819C-4B39-A6A5-69525DE8BEDA} = {13F78EE8-FB1F-46B8-8DA6-B7FE31F9A2A5}
		{35321E7C-1297-4F2B-A8F1-7B75AFE3B467} = {13F78EE8-FB1F-46B8-8DA6-B7FE31F9A2A5}
		{D2E7FA0F-E541-4B71-9CBD-1940362A9843} = {13F78EE8-FB1F-46B8-8DA6-B7FE31F9A2A5}
		{46641386-6D59-46DB-9F37-7A1929C24B97} = {AD9ED534-4786-46C5-A79C-6794FD69E669}
		{C71EAB9E-5A0C-4111-A3EC-5E1380B456DB} = {AD9ED534-4786-46C5-A79C-6794FD69E669}
		{F98D6941-8D1B-4C3D-AD8B-2BBD0D651492} = {AD9ED534-4786-46C5-A79C-6794FD69E669}
		{0EA6340B-72DB-4460-B403-E9CFFD616AE3} = {B818A9EB-38F3-41B3-942C-8ED29947C0C6}
		{B9EBF4FC-7E47-4080-B88A-E87EDDBBFCB2} = {B818A9EB-38F3-41B3-942C-8ED29947C0C6}
		{44B93F94-668C-41DB-9D6F-E70FA4A335CE} = {B818A9EB-38F3-41B3-942C-8ED29947C0C6}
		{D594B2EC-B1E2-4E9B-A5F6-2FFC37A58EC4} = {E4785E62-CD86-4980-AEE4-BD41D18B40C3}
		{BA060563-8C37-4AAA-AB79-D2FF21317227} = {E4785E62-CD86-4980-AEE4-BD41D18B40C3}
		{CCB6207D-F5AD-486F-8E21-631993406055} = {E4785E62-CD86-4980-AEE4-BD41D18B40C3}
		{112AFB49-19ED-496C-A4B5-1D339B6A2A75} = {FD5336D5-9CD5-44E1-B8CA-6B790568802F}
		{5D764375-2D06-4658-9F78-734B0A6D660B} = {FD5336D5-9CD5-44E1-B8CA-6B790568802F}
		{7B44426D-2EAF-401E-9601-944FFC1D544A} = {FD5336D5-9CD5-44E1-B8CA-6B790568802F}
	EndGlobalSection
	GlobalSection(ExtensibilityGlobals) = postSolution
		SolutionGuid = {0925DB16-090C-4C66-8A55-ED930B11D99F}
	EndGlobalSection
EndGlobal
